// !$*UTF8*$!
{
	archiveVersion = 1;
	classes = {
	};
	objectVersion = 50;
	objects = {

/* Begin PBXBuildFile section */
		F8679FFF255EE84100443246 /* AppDelegate.swift in Sources */ = {isa = PBXBuildFile; fileRef = F8679FFE255EE84100443246 /* AppDelegate.swift */; };
		F867A001255EE84100443246 /* SceneDelegate.swift in Sources */ = {isa = PBXBuildFile; fileRef = F867A000255EE84100443246 /* SceneDelegate.swift */; };
		F867A006255EE84100443246 /* Main.storyboard in Resources */ = {isa = PBXBuildFile; fileRef = F867A004255EE84100443246 /* Main.storyboard */; };
		F867A008255EE84200443246 /* Assets.xcassets in Resources */ = {isa = PBXBuildFile; fileRef = F867A007255EE84200443246 /* Assets.xcassets */; };
		F867A00B255EE84200443246 /* LaunchScreen.storyboard in Resources */ = {isa = PBXBuildFile; fileRef = F867A009255EE84200443246 /* LaunchScreen.storyboard */; };
		F867A01F255EEAA300443246 /* HomeViewController.swift in Sources */ = {isa = PBXBuildFile; fileRef = F867A01E255EEAA300443246 /* HomeViewController.swift */; };
		F867A022255EF42B00443246 /* HeaderView.swift in Sources */ = {isa = PBXBuildFile; fileRef = F867A021255EF42B00443246 /* HeaderView.swift */; };
		F867A025255EF53F00443246 /* HeaderShadowView.swift in Sources */ = {isa = PBXBuildFile; fileRef = F867A024255EF53F00443246 /* HeaderShadowView.swift */; };
/* End PBXBuildFile section */

/* Begin PBXFileReference section */
		F8679FFB255EE84100443246 /* TodoList.app */ = {isa = PBXFileReference; explicitFileType = wrapper.application; includeInIndex = 0; path = TodoList.app; sourceTree = BUILT_PRODUCTS_DIR; };
		F8679FFE255EE84100443246 /* AppDelegate.swift */ = {isa = PBXFileReference; lastKnownFileType = sourcecode.swift; path = AppDelegate.swift; sourceTree = "<group>"; };
		F867A000255EE84100443246 /* SceneDelegate.swift */ = {isa = PBXFileReference; lastKnownFileType = sourcecode.swift; path = SceneDelegate.swift; sourceTree = "<group>"; };
		F867A005255EE84100443246 /* Base */ = {isa = PBXFileReference; lastKnownFileType = file.storyboard; name = Base; path = Base.lproj/Main.storyboard; sourceTree = "<group>"; };
		F867A007255EE84200443246 /* Assets.xcassets */ = {isa = PBXFileReference; lastKnownFileType = folder.assetcatalog; path = Assets.xcassets; sourceTree = "<group>"; };
		F867A00A255EE84200443246 /* Base */ = {isa = PBXFileReference; lastKnownFileType = file.storyboard; name = Base; path = Base.lproj/LaunchScreen.storyboard; sourceTree = "<group>"; };
		F867A00C255EE84200443246 /* Info.plist */ = {isa = PBXFileReference; lastKnownFileType = text.plist.xml; path = Info.plist; sourceTree = "<group>"; };
		F867A01E255EEAA300443246 /* HomeViewController.swift */ = {isa = PBXFileReference; lastKnownFileType = sourcecode.swift; path = HomeViewController.swift; sourceTree = "<group>"; };
		F867A021255EF42B00443246 /* HeaderView.swift */ = {isa = PBXFileReference; lastKnownFileType = sourcecode.swift; path = HeaderView.swift; sourceTree = "<group>"; };
		F867A024255EF53F00443246 /* HeaderShadowView.swift */ = {isa = PBXFileReference; lastKnownFileType = sourcecode.swift; path = HeaderShadowView.swift; sourceTree = "<group>"; };
/* End PBXFileReference section */

/* Begin PBXFrameworksBuildPhase section */
		F8679FF8255EE84100443246 /* Frameworks */ = {
			isa = PBXFrameworksBuildPhase;
			buildActionMask = 2147483647;
			files = (
			);
			runOnlyForDeploymentPostprocessing = 0;
		};
/* End PBXFrameworksBuildPhase section */

/* Begin PBXGroup section */
		F8679FF2255EE84100443246 = {
			isa = PBXGroup;
			children = (
				F8679FFD255EE84100443246 /* TodoList */,
				F8679FFC255EE84100443246 /* Products */,
			);
			sourceTree = "<group>";
		};
		F8679FFC255EE84100443246 /* Products */ = {
			isa = PBXGroup;
			children = (
				F8679FFB255EE84100443246 /* TodoList.app */,
			);
			name = Products;
			sourceTree = "<group>";
		};
		F8679FFD255EE84100443246 /* TodoList */ = {
			isa = PBXGroup;
			children = (
				F867A018255EE9CD00443246 /* Views */,
				F867A016255EE99600443246 /* Models */,
				F867A015255EE98E00443246 /* Controllers */,
				F867A014255EE97D00443246 /* Resources */,
				F867A00C255EE84200443246 /* Info.plist */,
			);
			path = TodoList;
			sourceTree = "<group>";
		};
		F867A014255EE97D00443246 /* Resources */ = {
			isa = PBXGroup;
			children = (
				F8679FFE255EE84100443246 /* AppDelegate.swift */,
				F867A000255EE84100443246 /* SceneDelegate.swift */,
				F867A007255EE84200443246 /* Assets.xcassets */,
			);
			path = Resources;
			sourceTree = "<group>";
		};
		F867A015255EE98E00443246 /* Controllers */ = {
			isa = PBXGroup;
			children = (
			);
			path = Controllers;
			sourceTree = "<group>";
		};
		F867A016255EE99600443246 /* Models */ = {
			isa = PBXGroup;
			children = (
				F867A01E255EEAA300443246 /* HomeViewController.swift */,
			);
			path = Models;
			sourceTree = "<group>";
		};
		F867A018255EE9CD00443246 /* Views */ = {
			isa = PBXGroup;
			children = (
				F867A01C255EEA5600443246 /* stroyBoards */,
				F867A01B255EEA4D00443246 /* cells */,
				F867A021255EF42B00443246 /* HeaderView.swift */,
				F867A024255EF53F00443246 /* HeaderShadowView.swift */,
			);
			path = Views;
			sourceTree = "<group>";
		};
		F867A01B255EEA4D00443246 /* cells */ = {
			isa = PBXGroup;
			children = (
			);
			path = cells;
			sourceTree = "<group>";
		};
		F867A01C255EEA5600443246 /* stroyBoards */ = {
			isa = PBXGroup;
			children = (
				F867A009255EE84200443246 /* LaunchScreen.storyboard */,
				F867A004255EE84100443246 /* Main.storyboard */,
			);
			path = stroyBoards;
			sourceTree = "<group>";
		};
/* End PBXGroup section */

/* Begin PBXNativeTarget section */
		F8679FFA255EE84100443246 /* TodoList */ = {
			isa = PBXNativeTarget;
			buildConfigurationList = F867A00F255EE84200443246 /* Build configuration list for PBXNativeTarget "TodoList" */;
			buildPhases = (
				F8679FF7255EE84100443246 /* Sources */,
				F8679FF8255EE84100443246 /* Frameworks */,
				F8679FF9255EE84100443246 /* Resources */,
			);
			buildRules = (
			);
			dependencies = (
			);
			name = TodoList;
			productName = TodoList;
			productReference = F8679FFB255EE84100443246 /* TodoList.app */;
			productType = "com.apple.product-type.application";
		};
/* End PBXNativeTarget section */

/* Begin PBXProject section */
		F8679FF3255EE84100443246 /* Project object */ = {
			isa = PBXProject;
			attributes = {
				LastSwiftUpdateCheck = 1210;
				LastUpgradeCheck = 1210;
				TargetAttributes = {
					F8679FFA255EE84100443246 = {
						CreatedOnToolsVersion = 12.1;
					};
				};
			};
			buildConfigurationList = F8679FF6255EE84100443246 /* Build configuration list for PBXProject "TodoList" */;
			compatibilityVersion = "Xcode 9.3";
			developmentRegion = en;
			hasScannedForEncodings = 0;
			knownRegions = (
				en,
				Base,
			);
			mainGroup = F8679FF2255EE84100443246;
			productRefGroup = F8679FFC255EE84100443246 /* Products */;
			projectDirPath = "";
			projectRoot = "";
			targets = (
				F8679FFA255EE84100443246 /* TodoList */,
			);
		};
/* End PBXProject section */

/* Begin PBXResourcesBuildPhase section */
		F8679FF9255EE84100443246 /* Resources */ = {
			isa = PBXResourcesBuildPhase;
			buildActionMask = 2147483647;
			files = (
				F867A00B255EE84200443246 /* LaunchScreen.storyboard in Resources */,
				F867A008255EE84200443246 /* Assets.xcassets in Resources */,
				F867A006255EE84100443246 /* Main.storyboard in Resources */,
			);
			runOnlyForDeploymentPostprocessing = 0;
		};
/* End PBXResourcesBuildPhase section */

/* Begin PBXSourcesBuildPhase section */
		F8679FF7255EE84100443246 /* Sources */ = {
			isa = PBXSourcesBuildPhase;
			buildActionMask = 2147483647;
			files = (
				F8679FFF255EE84100443246 /* AppDelegate.swift in Sources */,
				F867A001255EE84100443246 /* SceneDelegate.swift in Sources */,
				F867A01F255EEAA300443246 /* HomeViewController.swift in Sources */,
				F867A022255EF42B00443246 /* HeaderView.swift in Sources */,
				F867A025255EF53F00443246 /* HeaderShadowView.swift in Sources */,
			);
			runOnlyForDeploymentPostprocessing = 0;
		};
/* End PBXSourcesBuildPhase section */

/* Begin PBXVariantGroup section */
		F867A004255EE84100443246 /* Main.storyboard */ = {
			isa = PBXVariantGroup;
			children = (
				F867A005255EE84100443246 /* Base */,
			);
			name = Main.storyboard;
			sourceTree = "<group>";
		};
		F867A009255EE84200443246 /* LaunchScreen.storyboard */ = {
			isa = PBXVariantGroup;
			children = (
				F867A00A255EE84200443246 /* Base */,
			);
			name = LaunchScreen.storyboard;
			sourceTree = "<group>";
		};
/* End PBXVariantGroup section */

/* Begin XCBuildConfiguration section */
		F867A00D255EE84200443246 /* Debug */ = {
			isa = XCBuildConfiguration;
			buildSettings = {
				ALWAYS_SEARCH_USER_PATHS = NO;
				CLANG_ANALYZER_NONNULL = YES;
				CLANG_ANALYZER_NUMBER_OBJECT_CONVERSION = YES_AGGRESSIVE;
				CLANG_CXX_LANGUAGE_STANDARD = "gnu++14";
				CLANG_CXX_LIBRARY = "libc++";
				CLANG_ENABLE_MODULES = YES;
				CLANG_ENABLE_OBJC_ARC = YES;
				CLANG_ENABLE_OBJC_WEAK = YES;
				CLANG_WARN_BLOCK_CAPTURE_AUTORELEASING = YES;
				CLANG_WARN_BOOL_CONVERSION = YES;
				CLANG_WARN_COMMA = YES;
				CLANG_WARN_CONSTANT_CONVERSION = YES;
				CLANG_WARN_DEPRECATED_OBJC_IMPLEMENTATIONS = YES;
				CLANG_WARN_DIRECT_OBJC_ISA_USAGE = YES_ERROR;
				CLANG_WARN_DOCUMENTATION_COMMENTS = YES;
				CLANG_WARN_EMPTY_BODY = YES;
				CLANG_WARN_ENUM_CONVERSION = YES;
				CLANG_WARN_INFINITE_RECURSION = YES;
				CLANG_WARN_INT_CONVERSION = YES;
				CLANG_WARN_NON_LITERAL_NULL_CONVERSION = YES;
				CLANG_WARN_OBJC_IMPLICIT_RETAIN_SELF = YES;
				CLANG_WARN_OBJC_LITERAL_CONVERSION = YES;
				CLANG_WARN_OBJC_ROOT_CLASS = YES_ERROR;
				CLANG_WARN_QUOTED_INCLUDE_IN_FRAMEWORK_HEADER = YES;
				CLANG_WARN_RANGE_LOOP_ANALYSIS = YES;
				CLANG_WARN_STRICT_PROTOTYPES = YES;
				CLANG_WARN_SUSPICIOUS_MOVE = YES;
				CLANG_WARN_UNGUARDED_AVAILABILITY = YES_AGGRESSIVE;
				CLANG_WARN_UNREACHABLE_CODE = YES;
				CLANG_WARN__DUPLICATE_METHOD_MATCH = YES;
				COPY_PHASE_STRIP = NO;
				DEBUG_INFORMATION_FORMAT = dwarf;
				ENABLE_STRICT_OBJC_MSGSEND = YES;
				ENABLE_TESTABILITY = YES;
				GCC_C_LANGUAGE_STANDARD = gnu11;
				GCC_DYNAMIC_NO_PIC = NO;
				GCC_NO_COMMON_BLOCKS = YES;
				GCC_OPTIMIZATION_LEVEL = 0;
				GCC_PREPROCESSOR_DEFINITIONS = (
					"DEBUG=1",
					"$(inherited)",
				);
				GCC_WARN_64_TO_32_BIT_CONVERSION = YES;
				GCC_WARN_ABOUT_RETURN_TYPE = YES_ERROR;
				GCC_WARN_UNDECLARED_SELECTOR = YES;
				GCC_WARN_UNINITIALIZED_AUTOS = YES_AGGRESSIVE;
				GCC_WARN_UNUSED_FUNCTION = YES;
				GCC_WARN_UNUSED_VARIABLE = YES;
				IPHONEOS_DEPLOYMENT_TARGET = 14.1;
				MTL_ENABLE_DEBUG_INFO = INCLUDE_SOURCE;
				MTL_FAST_MATH = YES;
				ONLY_ACTIVE_ARCH = YES;
				SDKROOT = iphoneos;
				SWIFT_ACTIVE_COMPILATION_CONDITIONS = DEBUG;
				SWIFT_OPTIMIZATION_LEVEL = "-Onone";
			};
			name = Debug;
		};
		F867A00E255EE84200443246 /* Release */ = {
			isa = XCBuildConfiguration;
			buildSettings = {
				ALWAYS_SEARCH_USER_PATHS = NO;
				CLANG_ANALYZER_NONNULL = YES;
				CLANG_ANALYZER_NUMBER_OBJECT_CONVERSION = YES_AGGRESSIVE;
				CLANG_CXX_LANGUAGE_STANDARD = "gnu++14";
				CLANG_CXX_LIBRARY = "libc++";
				CLANG_ENABLE_MODULES = YES;
				CLANG_ENABLE_OBJC_ARC = YES;
				CLANG_ENABLE_OBJC_WEAK = YES;
				CLANG_WARN_BLOCK_CAPTURE_AUTORELEASING = YES;
				CLANG_WARN_BOOL_CONVERSION = YES;
				CLANG_WARN_COMMA = YES;
				CLANG_WARN_CONSTANT_CONVERSION = YES;
				CLANG_WARN_DEPRECATED_OBJC_IMPLEMENTATIONS = YES;
				CLANG_WARN_DIRECT_OBJC_ISA_USAGE = YES_ERROR;
				CLANG_WARN_DOCUMENTATION_COMMENTS = YES;
				CLANG_WARN_EMPTY_BODY = YES;
				CLANG_WARN_ENUM_CONVERSION = YES;
				CLANG_WARN_INFINITE_RECURSION = YES;
				CLANG_WARN_INT_CONVERSION = YES;
				CLANG_WARN_NON_LITERAL_NULL_CONVERSION = YES;
				CLANG_WARN_OBJC_IMPLICIT_RETAIN_SELF = YES;
				CLANG_WARN_OBJC_LITERAL_CONVERSION = YES;
				CLANG_WARN_OBJC_ROOT_CLASS = YES_ERROR;
				CLANG_WARN_QUOTED_INCLUDE_IN_FRAMEWORK_HEADER = YES;
				CLANG_WARN_RANGE_LOOP_ANALYSIS = YES;
				CLANG_WARN_STRICT_PROTOTYPES = YES;
				CLANG_WARN_SUSPICIOUS_MOVE = YES;
				CLANG_WARN_UNGUARDED_AVAILABILITY = YES_AGGRESSIVE;
				CLANG_WARN_UNREACHABLE_CODE = YES;
				CLANG_WARN__DUPLICATE_METHOD_MATCH = YES;
				COPY_PHASE_STRIP = NO;
				DEBUG_INFORMATION_FORMAT = "dwarf-with-dsym";
				ENABLE_NS_ASSERTIONS = NO;
				ENABLE_STRICT_OBJC_MSGSEND = YES;
				GCC_C_LANGUAGE_STANDARD = gnu11;
				GCC_NO_COMMON_BLOCKS = YES;
				GCC_WARN_64_TO_32_BIT_CONVERSION = YES;
				GCC_WARN_ABOUT_RETURN_TYPE = YES_ERROR;
				GCC_WARN_UNDECLARED_SELECTOR = YES;
				GCC_WARN_UNINITIALIZED_AUTOS = YES_AGGRESSIVE;
				GCC_WARN_UNUSED_FUNCTION = YES;
				GCC_WARN_UNUSED_VARIABLE = YES;
				IPHONEOS_DEPLOYMENT_TARGET = 14.1;
				MTL_ENABLE_DEBUG_INFO = NO;
				MTL_FAST_MATH = YES;
				SDKROOT = iphoneos;
				SWIFT_COMPILATION_MODE = wholemodule;
				SWIFT_OPTIMIZATION_LEVEL = "-O";
				VALIDATE_PRODUCT = YES;
			};
			name = Release;
		};
		F867A010255EE84200443246 /* Debug */ = {
			isa = XCBuildConfiguration;
			buildSettings = {
				ASSETCATALOG_COMPILER_APPICON_NAME = AppIcon;
				ASSETCATALOG_COMPILER_GLOBAL_ACCENT_COLOR_NAME = AccentColor;
				CODE_SIGN_STYLE = Automatic;
				DEVELOPMENT_TEAM = GBKPZ52HJ9;
				INFOPLIST_FILE = TodoList/Info.plist;
				LD_RUNPATH_SEARCH_PATHS = (
					"$(inherited)",
					"@executable_path/Frameworks",
				);
				PRODUCT_BUNDLE_IDENTIFIER = takuAPP.TodoList;
				PRODUCT_NAME = "$(TARGET_NAME)";
				SWIFT_VERSION = 5.0;
				TARGETED_DEVICE_FAMILY = "1,2";
			};
			name = Debug;
		};
		F867A011255EE84200443246 /* Release */ = {
			isa = XCBuildConfiguration;
			buildSettings = {
				ASSETCATALOG_COMPILER_APPICON_NAME = AppIcon;
				ASSETCATALOG_COMPILER_GLOBAL_ACCENT_COLOR_NAME = AccentColor;
				CODE_SIGN_STYLE = Automatic;
				DEVELOPMENT_TEAM = GBKPZ52HJ9;
				INFOPLIST_FILE = TodoList/Info.plist;
				LD_RUNPATH_SEARCH_PATHS = (
					"$(inherited)",
					"@executable_path/Frameworks",
				);
				PRODUCT_BUNDLE_IDENTIFIER = takuAPP.TodoList;
				PRODUCT_NAME = "$(TARGET_NAME)";
				SWIFT_VERSION = 5.0;
				TARGETED_DEVICE_FAMILY = "1,2";
			};
			name = Release;
		};
/* End XCBuildConfiguration section */

/* Begin XCConfigurationList section */
		F8679FF6255EE84100443246 /* Build configuration list for PBXProject "TodoList" */ = {
			isa = XCConfigurationList;
			buildConfigurations = (
				F867A00D255EE84200443246 /* Debug */,
				F867A00E255EE84200443246 /* Release */,
			);
			defaultConfigurationIsVisible = 0;
			defaultConfigurationName = Release;
		};
		F867A00F255EE84200443246 /* Build configuration list for PBXNativeTarget "TodoList" */ = {
			isa = XCConfigurationList;
			buildConfigurations = (
				F867A010255EE84200443246 /* Debug */,
				F867A011255EE84200443246 /* Release */,
			);
			defaultConfigurationIsVisible = 0;
			defaultConfigurationName = Release;
		};
/* End XCConfigurationList section */
	};
	rootObject = F8679FF3255EE84100443246 /* Project object */;
}
